
Microsoft Visual Studio Solution File, Format Version 12.00
# Visual Studio Version 16
VisualStudioVersion = 16.0.31624.102
MinimumVisualStudioVersion = 10.0.40219.1
Project("{E24C65DC-7377-472B-9ABA-BC803B73C61A}") = "DB_PROJECT", "DB_PROJECT\", "{1381A82B-02DA-46EE-80BE-D595E57856D2}"
	ProjectSection(WebsiteProperties) = preProject
		TargetFrameworkMoniker = ".NETFramework,Version%3Dv4.7.2"
		Debug.AspNetCompiler.VirtualPath = "/localhost_51940"
		Debug.AspNetCompiler.PhysicalPath = "DB_PROJECT\"
		Debug.AspNetCompiler.TargetPath = "PrecompiledWeb\localhost_51940\"
		Debug.AspNetCompiler.Updateable = "true"
		Debug.AspNetCompiler.ForceOverwrite = "true"
		Debug.AspNetCompiler.FixedNames = "false"
		Debug.AspNetCompiler.Debug = "True"
		Release.AspNetCompiler.VirtualPath = "/localhost_51940"
		Release.AspNetCompiler.PhysicalPath = "DB_PROJECT\"
		Release.AspNetCompiler.TargetPath = "PrecompiledWeb\localhost_51940\"
		Release.AspNetCompiler.Updateable = "true"
		Release.AspNetCompiler.ForceOverwrite = "true"
		Release.AspNetCompiler.FixedNames = "false"
		Release.AspNetCompiler.Debug = "False"
		VWDPort = "51940"
		SlnRelativePath = "DB_PROJECT\"
		DefaultWebSiteLanguage = "Visual C#"
	EndProjectSection
EndProject
Global
	GlobalSection(SolutionConfigurationPlatforms) = preSolution
		Debug|Any CPU = Debug|Any CPU
	EndGlobalSection
	GlobalSection(ProjectConfigurationPlatforms) = postSolution
		{1381A82B-02DA-46EE-80BE-D595E57856D2}.Debug|Any CPU.ActiveCfg = Debug|Any CPU
		{1381A82B-02DA-46EE-80BE-D595E57856D2}.Debug|Any CPU.Build.0 = Debug|Any CPU
	EndGlobalSection
	GlobalSection(SolutionProperties) = preSolution
		HideSolutionNode = FALSE
	EndGlobalSection
	GlobalSection(ExtensibilityGlobals) = postSolution
		SolutionGuid = {7C1494F8-F130-4DA2-8168-ACC63089C560}
	EndGlobalSection
EndGlobal
